
Microsoft Visual Studio Solution File, Format Version 12.00
# Visual Studio Version 16
VisualStudioVersion = 16.0.29318.209
MinimumVisualStudioVersion = 10.0.40219.1
Project("{FAE04EC0-301F-11D3-BF4B-00C04F79EFBC}") = "BookListRazorWebApp", "BookListRazorWebApp.csproj", "{06D419CD-0CD2-4F76-BDC1-9075A951A094}"
EndProject
Global
	GlobalSection(SolutionConfigurationPlatforms) = preSolution
		Debug|Any CPU = Debug|Any CPU
		Release|Any CPU = Release|Any CPU
	EndGlobalSection
	GlobalSection(ProjectConfigurationPlatforms) = postSolution
		{06D419CD-0CD2-4F76-BDC1-9075A951A094}.Debug|Any CPU.ActiveCfg = Debug|Any CPU
		{06D419CD-0CD2-4F76-BDC1-9075A951A094}.Debug|Any CPU.Build.0 = Debug|Any CPU
		{06D419CD-0CD2-4F76-BDC1-9075A951A094}.Release|Any CPU.ActiveCfg = Release|Any CPU
		{06D419CD-0CD2-4F76-BDC1-9075A951A094}.Release|Any CPU.Build.0 = Release|Any CPU
	EndGlobalSection
	GlobalSection(SolutionProperties) = preSolution
		HideSolutionNode = FALSE
	EndGlobalSection
	GlobalSection(ExtensibilityGlobals) = postSolution
		SolutionGuid = {50C53804-1D8F-429C-8936-1AAD2F19AA94}
	EndGlobalSection
EndGlobal
